<?xml version="1.0" encoding="utf-8"?>
<Project ToolsVersion="4.0" xmlns="http://schemas.microsoft.com/developer/msbuild/2003">
  <ItemGroup>
    <Filter Include="Source Files">
      <UniqueIdentifier>{4FC737F1-C7A5-4376-A066-2A32D752A2FF}</UniqueIdentifier>
      <Extensions>cpp;c;cc;cxx;def;odl;idl;hpj;bat;asm;asmx</Extensions>
    </Filter>
    <Filter Include="Header Files">
      <UniqueIdentifier>{93995380-89BD-4b04-88EB-625FBE52EBFB}</UniqueIdentifier>
      <Extensions>h;hh;hpp;hxx;hm;inl;inc;xsd</Extensions>
    </Filter>
    <Filter Include="Resource Files">
      <UniqueIdentifier>{D9D6E242-F8AF-46E4-B9FD-80ECBC20BA3E}</UniqueIdentifier>
      <Extensions>qrc;*</Extensions>
      <ParseFiles>false</ParseFiles>
    </Filter>
    <Filter Include="Form Files">
      <UniqueIdentifier>{99349809-55BA-4b9d-BF79-8FDBB0286EB3}</UniqueIdentifier>
      <Extensions>ui</Extensions>
    </Filter>
    <Filter Include="Resource Files">
      <UniqueIdentifier>{D9D6E242-F8AF-46E4-B9FD-80ECBC20BA3E}</UniqueIdentifier>
      <Extensions>qrc;*</Extensions>
      <ParseFiles>false</ParseFiles>
    </Filter>
    <Filter Include="Source Files\Models">
      <UniqueIdentifier>{9d969300-5c37-4e57-b420-80e771fb8a87}</UniqueIdentifier>
    </Filter>
    <Filter Include="Source Files\Datatypes">
      <UniqueIdentifier>{05cd0c13-aea6-4e49-95ac-81bf68852e44}</UniqueIdentifier>
    </Filter>
    <Filter Include="Source Files\Rendering">
      <UniqueIdentifier>{eff1f5e7-823c-4661-b9a1-efa275a9149f}</UniqueIdentifier>
    </Filter>
  </ItemGroup>
  <ItemGroup>
    <ClCompile Include="src\AnimationSceneControls.cpp">
      <Filter>Source Files</Filter>
    </ClCompile>
    <ClCompile Include="src\BaseShader.cpp">
      <Filter>Source Files</Filter>
    </ClCompile>
    <ClCompile Include="src\ConstantShader.cpp">
      <Filter>Source Files</Filter>
    </ClCompile>
    <ClCompile Include="src\hit.cpp">
      <Filter>Source Files</Filter>
    </ClCompile>
    <ClCompile Include="src\IndexBuffer.cpp">
      <Filter>Source Files</Filter>
    </ClCompile>
    <ClCompile Include="src\InputManager.cpp">
      <Filter>Source Files</Filter>
    </ClCompile>
    <ClCompile Include="src\Lights.cpp">
      <Filter>Source Files</Filter>
    </ClCompile>
    <ClCompile Include="src\LineBoxModel.cpp">
      <Filter>Source Files</Filter>
    </ClCompile>
    <ClCompile Include="src\LinePlaneModel.cpp">
      <Filter>Source Files</Filter>
    </ClCompile>
    <ClCompile Include="src\MouseInput.cpp">
      <Filter>Source Files</Filter>
    </ClCompile>
    <ClCompile Include="src\Paths.cpp">
      <Filter>Source Files</Filter>
    </ClCompile>
    <ClCompile Include="src\PhongShader.cpp">
      <Filter>Source Files</Filter>
    </ClCompile>
    <ClCompile Include="src\Quaternion.cpp">
      <Filter>Source Files</Filter>
    </ClCompile>
    <ClCompile Include="src\rgbimage.cpp">
      <Filter>Source Files</Filter>
    </ClCompile>
    <ClCompile Include="src\Scene.cpp">
      <Filter>Source Files</Filter>
    </ClCompile>
    <ClCompile Include="src\ShaderLightMapper.cpp">
      <Filter>Source Files</Filter>
    </ClCompile>
    <ClCompile Include="src\Terrain.cpp">
      <Filter>Source Files</Filter>
    </ClCompile>
    <ClCompile Include="src\TerrainShader.cpp">
      <Filter>Source Files</Filter>
    </ClCompile>
    <ClCompile Include="src\Texture.cpp">
      <Filter>Source Files</Filter>
    </ClCompile>
    <ClCompile Include="src\TriangleBoxModel.cpp">
      <Filter>Source Files</Filter>
    </ClCompile>
    <ClCompile Include="src\TrianglePlaneModel.cpp">
      <Filter>Source Files</Filter>
    </ClCompile>
    <ClCompile Include="src\TriangleSphereModel.cpp">
      <Filter>Source Files</Filter>
    </ClCompile>
    <ClCompile Include="src\vector.cpp">
      <Filter>Source Files</Filter>
    </ClCompile>
    <ClCompile Include="src\VertexBuffer.cpp">
      <Filter>Source Files</Filter>
    </ClCompile>
    <ClCompile Include="src\WeightShader.cpp">
      <Filter>Source Files</Filter>
    </ClCompile>
    <ClCompile Include="src\SkinnedModel.cpp">
      <Filter>Source Files\Models</Filter>
    </ClCompile>
    <ClCompile Include="src\Aabb.cpp">
      <Filter>Source Files\Rendering</Filter>
    </ClCompile>
    <ClCompile Include="src\BaseModel.cpp">
      <Filter>Source Files\Models</Filter>
    </ClCompile>
    <ClCompile Include="src\color.cpp">
      <Filter>Source Files\Datatypes</Filter>
    </ClCompile>
    <ClCompile Include="src\AttachedModel.cpp">
      <Filter>Source Files\Models</Filter>
    </ClCompile>
    <ClCompile Include="src\Matrix.cpp">
      <Filter>Source Files\Datatypes</Filter>
    </ClCompile>
    <ClCompile Include="src\MeshModel.cpp">
      <Filter>Source Files\Models</Filter>
    </ClCompile>
    <ClCompile Include="src\Framebuffer.cpp">
      <Filter>Source Files\Rendering</Filter>
    </ClCompile>
    <ClCompile Include="src\Camera.cpp">
      <Filter>Source Files\Rendering</Filter>
    </ClCompile>
    <ClCompile Include="src\AttachedModelShader.cpp">
      <Filter>Source Files</Filter>
    </ClCompile>
    <ClCompile Include="src\Animation.cpp">
      <Filter>Source Files</Filter>
    </ClCompile>
    <ClCompile Include="src\Animator.cpp">
      <Filter>Source Files</Filter>
    </ClCompile>
    <ClCompile Include="src\EventManager.cpp">
      <Filter>Source Files</Filter>
    </ClCompile>
    <ClCompile Include="src\main.cpp">
      <Filter>Source Files</Filter>
    </ClCompile>
    <ClCompile Include="src\MainWindow.cpp">
      <Filter>Source Files</Filter>
    </ClCompile>
    <ClCompile Include="src\Utils.cpp">
      <Filter>Source Files</Filter>
    </ClCompile>
    <ClCompile Include="src\Qt\AnimationListWidget.cpp">
      <Filter>Source Files</Filter>
    </ClCompile>
    <ClCompile Include="src\Customizable\TrackingVirtualizers\BaseTrackingVirtualizer.cpp">
      <Filter>Source Files</Filter>
    </ClCompile>
    <ClCompile Include="src\Customizable\InverseKinematicsKernels\BaseIKKernel.cpp">
      <Filter>Source Files</Filter>
    </ClCompile>
    <ClCompile Include="src\Customizable\InverseKinematicsKernels\PerfectIKKernel.cpp">
      <Filter>Source Files</Filter>
    </ClCompile>
    <ClCompile Include="src\Qt\AnimationList.cpp">
      <Filter>Source Files</Filter>
    </ClCompile>
    <ClCompile Include="src\Qt\TrackingVirtualizerListWidget.cpp">
      <Filter>Source Files</Filter>
    </ClCompile>
    <ClCompile Include="src\Qt\TrackingVirtualizerList.cpp">
      <Filter>Source Files</Filter>
    </ClCompile>
    <ClCompile Include="src\Qt\OpenGLWindow.cpp">
      <Filter>Source Files</Filter>
    </ClCompile>
    <ClCompile Include="src\AnimationCurve.cpp">
      <Filter>Source Files</Filter>
    </ClCompile>
    <ClCompile Include="src\Customizable\ErrorMetrics\BaseErrorMetric.cpp">
      <Filter>Source Files</Filter>
    </ClCompile>
    <ClCompile Include="src\Customizable\ErrorMetrics\PositionDifferenceErrorMetric.cpp">
      <Filter>Source Files</Filter>
    </ClCompile>
    <ClCompile Include="src\Customizable\ErrorMetrics\RotationDifferenceErrorMetric.cpp">
      <Filter>Source Files</Filter>
    </ClCompile>
    <ClCompile Include="src\AvatarSystem\Avatar.cpp">
      <Filter>Source Files</Filter>
    </ClCompile>
    <ClCompile Include="src\AvatarSystem\AvatarJoint.cpp">
      <Filter>Source Files</Filter>
    </ClCompile>
    <ClCompile Include="src\Tracker.cpp">
      <Filter>Source Files</Filter>
    </ClCompile>
    <ClCompile Include="src\AvatarSystem\AnatomicAngleInformation.cpp">
      <Filter>Source Files</Filter>
    </ClCompile>
    <ClCompile Include="src\Qt\IKKernelOptionsList.cpp">
      <Filter>Source Files</Filter>
    </ClCompile>
    <ClCompile Include="src\Qt\ErrorMetricList.cpp">
      <Filter>Source Files</Filter>
    </ClCompile>
    <ClCompile Include="src\Qt\ErrorMetricListWidget.cpp">
      <Filter>Source Files</Filter>
    </ClCompile>
    <ClCompile Include="src\ResultsWindow.cpp">
      <Filter>Source Files</Filter>
    </ClCompile>
    <ClCompile Include="src\ComparisonScene.cpp">
      <Filter>Source Files</Filter>
    </ClCompile>
    <ClCompile Include="src\SetupScene.cpp">
      <Filter>Source Files</Filter>
    </ClCompile>
    <ClCompile Include="src\SkinnedModelShader.cpp">
      <Filter>Source Files</Filter>
    </ClCompile>
    <ClCompile Include="src\Customizable\TrackingVirtualizers\IMUSimTrackingVirtualizer.cpp">
      <Filter>Source Files</Filter>
    </ClCompile>
    <ClCompile Include="src\Customizable\TrackingVirtualizers\NoiseTrackingVirtualizer.cpp">
      <Filter>Source Files</Filter>
    </ClCompile>
    <ClCompile Include="src\FinalIK\SolverManager.cpp">
      <Filter>Source Files</Filter>
    </ClCompile>
    <ClCompile Include="src\FinalIK\IK.cpp">
      <Filter>Source Files</Filter>
    </ClCompile>
    <ClCompile Include="src\FinalIK\IKSolver.cpp">
      <Filter>Source Files</Filter>
    </ClCompile>
    <ClCompile Include="src\FinalIK\VRIK.cpp">
      <Filter>Source Files</Filter>
    </ClCompile>
    <ClCompile Include="src\FinalIK\IKSolverVR.cpp">
      <Filter>Source Files</Filter>
    </ClCompile>
    <ClCompile Include="src\FinalIK\RotationLimit.cpp">
      <Filter>Source Files</Filter>
    </ClCompile>
    <ClCompile Include="src\FinalIK\Hierarchy.cpp">
      <Filter>Source Files</Filter>
    </ClCompile>
    <ClCompile Include="src\FinalIK\QuaTools.cpp">
      <Filter>Source Files</Filter>
    </ClCompile>
    <ClCompile Include="src\FinalIK\V3Tools.cpp">
      <Filter>Source Files</Filter>
    </ClCompile>
    <ClCompile Include="src\FinalIK\AxisTools.cpp">
      <Filter>Source Files</Filter>
    </ClCompile>
    <ClCompile Include="src\FinalIK\Interp.cpp">
      <Filter>Source Files</Filter>
    </ClCompile>
    <ClCompile Include="src\FinalIK\FloatCurve.cpp">
      <Filter>Source Files</Filter>
    </ClCompile>
    <ClCompile Include="src\FinalIK\Keyframe.cpp">
      <Filter>Source Files</Filter>
    </ClCompile>
    <ClCompile Include="src\FinalIK\Physics.cpp">
      <Filter>Source Files</Filter>
    </ClCompile>
    <ClCompile Include="src\Transform.cpp">
      <Filter>Source Files</Filter>
    </ClCompile>
    <ClCompile Include="src\Qt\ChartView.cpp">
      <Filter>Source Files</Filter>
    </ClCompile>
    <ClCompile Include="src\QJsonSerializer.cpp">
      <Filter>Source Files</Filter>
    </ClCompile>
    <ClCompile Include="src\ParameterListWidget.cpp">
      <Filter>Source Files</Filter>
    </ClCompile>
    <ClCompile Include="src\Customizable\InverseKinematicsKernels\BaseFinalIKKernel.cpp">
      <Filter>Source Files</Filter>
    </ClCompile>
    <ClCompile Include="src\Customizable\InverseKinematicsKernels\FiveTargetFinalIKKernel.cpp">
      <Filter>Source Files</Filter>
    </ClCompile>
    <ClCompile Include="src\Customizable\ErrorMetrics\PaperOneErrorMetric.cpp">
      <Filter>Source Files</Filter>
    </ClCompile>
    <ClCompile Include="src\Customizable\TrackingVirtualizers\JointTrackingVirtualizer.cpp">
      <Filter>Source Files</Filter>
    </ClCompile>
    <ClCompile Include="src\Customizable\TrackingVirtualizers\PerfectTrackingVirtualizer.cpp">
      <Filter>Source Files</Filter>
    </ClCompile>
    <ClCompile Include="src\Customizable\InverseKinematicsKernels\SixTargetFinalIKKernel.cpp">
      <Filter>Source Files</Filter>
    </ClCompile>
    <ClCompile Include="src\Customizable\InverseKinematicsKernels\AllTargetFinalIKKernel.cpp">
      <Filter>Source Files</Filter>
    </ClCompile>
    <ClCompile Include="src\Customizable\JointnameParser.cpp">
      <Filter>Source Files</Filter>
    </ClCompile>
    <ClCompile Include="src\Qt\CharacterList.cpp">
      <Filter>Source Files</Filter>
    </ClCompile>
    <ClCompile Include="src\Qt\CharacterListItem.cpp">
      <Filter>Source Files</Filter>
    </ClCompile>
    <ClCompile Include="src\Customizable\ErrorMetrics\WeightedRotationErrorMetric.cpp">
      <Filter>Source Files</Filter>
    </ClCompile>
    <ClCompile Include="src\Customizable\ErrorMetrics\WeightedPositionErrorMetric.cpp">
      <Filter>Source Files</Filter>
    </ClCompile>
    <ClCompile Include="src\Customizable\InverseKinematicsKernels\TenTargetFinalIKKernel.cpp">
      <Filter>Source Files</Filter>
    </ClCompile>
  </ItemGroup>
  <ItemGroup>
    <QtMoc Include="src\MainWindow.h">
      <Filter>Header Files</Filter>
    </QtMoc>
    <QtMoc Include="src\Qt\AnimationListWidget.h">
      <Filter>Header Files</Filter>
    </QtMoc>
    <QtMoc Include="src\Qt\AnimationList.h">
      <Filter>Header Files</Filter>
    </QtMoc>
    <QtMoc Include="src\Qt\TrackingVirtualizerListWidget.h">
      <Filter>Header Files</Filter>
    </QtMoc>
    <QtMoc Include="src\Qt\TrackingVirtualizerList.h">
      <Filter>Header Files</Filter>
    </QtMoc>
    <QtMoc Include="src\Qt\OpenGLWindow.h">
      <Filter>Header Files</Filter>
    </QtMoc>
    <QtMoc Include="src\Qt\IKKernelOptionsList.h">
      <Filter>Header Files</Filter>
    </QtMoc>
    <QtMoc Include="src\Qt\ErrorMetricList.h">
      <Filter>Header Files</Filter>
    </QtMoc>
    <QtMoc Include="src\Qt\ErrorMetricListWidget.h">
      <Filter>Header Files</Filter>
    </QtMoc>
    <QtMoc Include="src\Enumerations.h">
      <Filter>Header Files</Filter>
    </QtMoc>
    <QtMoc Include="src\ResultsWindow.h">
      <Filter>Header Files</Filter>
    </QtMoc>
    <QtMoc Include="src\Customizable\CustomEnumerations.h">
      <Filter>Header Files</Filter>
    </QtMoc>
    <QtMoc Include="src\ParameterListWidget.h">
      <Filter>Header Files</Filter>
    </QtMoc>
    <QtMoc Include="src\Qt\CharacterList.h">
      <Filter>Header Files</Filter>
    </QtMoc>
    <QtMoc Include="src\Qt\CharacterListItem.h">
      <Filter>Header Files</Filter>
    </QtMoc>
  </ItemGroup>
  <ItemGroup>
    <QtUic Include="MainWindow.ui">
      <Filter>Form Files</Filter>
    </QtUic>
    <QtUic Include="ResultsWindow.ui">
      <Filter>Form Files</Filter>
    </QtUic>
  </ItemGroup>
  <ItemGroup>
    <QtRcc Include="MainWindow.qrc">
      <Filter>Resource Files</Filter>
    </QtRcc>
  </ItemGroup>
  <ItemGroup>
    <ClInclude Include="src\Aabb.h">
      <Filter>Header Files</Filter>
    </ClInclude>
    <ClInclude Include="src\AnimatedModelShader.h">
      <Filter>Header Files</Filter>
    </ClInclude>
    <ClInclude Include="src\AnimationSceneControls.h">
      <Filter>Header Files</Filter>
    </ClInclude>
    <ClInclude Include="src\BaseModel.h">
      <Filter>Header Files</Filter>
    </ClInclude>
    <ClInclude Include="src\BaseShader.h">
      <Filter>Header Files</Filter>
    </ClInclude>
    <ClInclude Include="src\Camera.h">
      <Filter>Header Files</Filter>
    </ClInclude>
    <ClInclude Include="src\color.h">
      <Filter>Header Files</Filter>
    </ClInclude>
    <ClInclude Include="src\ConstantShader.h">
      <Filter>Header Files</Filter>
    </ClInclude>
    <ClInclude Include="src\Framebuffer.h">
      <Filter>Header Files</Filter>
    </ClInclude>
    <ClInclude Include="src\hit.h">
      <Filter>Header Files</Filter>
    </ClInclude>
    <ClInclude Include="src\IndexBuffer.h">
      <Filter>Header Files</Filter>
    </ClInclude>
    <ClInclude Include="src\InputManager.h">
      <Filter>Header Files</Filter>
    </ClInclude>
    <ClInclude Include="src\Lights.h">
      <Filter>Header Files</Filter>
    </ClInclude>
    <ClInclude Include="src\LineBoxModel.h">
      <Filter>Header Files</Filter>
    </ClInclude>
    <ClInclude Include="src\LinePlaneModel.h">
      <Filter>Header Files</Filter>
    </ClInclude>
    <ClInclude Include="src\Matrix.h">
      <Filter>Header Files</Filter>
    </ClInclude>
    <ClInclude Include="src\MouseInput.h">
      <Filter>Header Files</Filter>
    </ClInclude>
    <ClInclude Include="src\Paths.h">
      <Filter>Header Files</Filter>
    </ClInclude>
    <ClInclude Include="src\PhongShader.h">
      <Filter>Header Files</Filter>
    </ClInclude>
    <ClInclude Include="src\Quaternion.h">
      <Filter>Header Files</Filter>
    </ClInclude>
    <ClInclude Include="src\rgbimage.h">
      <Filter>Header Files</Filter>
    </ClInclude>
    <ClInclude Include="src\Scene.h">
      <Filter>Header Files</Filter>
    </ClInclude>
    <ClInclude Include="src\ShaderLightMapper.h">
      <Filter>Header Files</Filter>
    </ClInclude>
    <ClInclude Include="src\Terrain.h">
      <Filter>Header Files</Filter>
    </ClInclude>
    <ClInclude Include="src\TerrainShader.h">
      <Filter>Header Files</Filter>
    </ClInclude>
    <ClInclude Include="src\Texture.h">
      <Filter>Header Files</Filter>
    </ClInclude>
    <ClInclude Include="src\TriangleBoxModel.h">
      <Filter>Header Files</Filter>
    </ClInclude>
    <ClInclude Include="src\TrianglePlaneModel.h">
      <Filter>Header Files</Filter>
    </ClInclude>
    <ClInclude Include="src\TriangleSphereModel.h">
      <Filter>Header Files</Filter>
    </ClInclude>
    <ClInclude Include="src\vector.h">
      <Filter>Header Files</Filter>
    </ClInclude>
    <ClInclude Include="src\VertexBuffer.h">
      <Filter>Header Files</Filter>
    </ClInclude>
    <ClInclude Include="src\WeightShader.h">
      <Filter>Header Files</Filter>
    </ClInclude>
    <ClInclude Include="src\WeightShader.h">
      <Filter>Header Files</Filter>
    </ClInclude>
    <ClInclude Include="src\AttachedModel.h">
      <Filter>Header Files</Filter>
    </ClInclude>
    <ClInclude Include="src\MeshModel.h">
      <Filter>Header Files</Filter>
    </ClInclude>
    <ClInclude Include="src\SkinnedModel.h">
      <Filter>Header Files</Filter>
    </ClInclude>
    <ClInclude Include="src\Animation.h">
      <Filter>Header Files</Filter>
    </ClInclude>
    <ClInclude Include="src\Animator.h">
      <Filter>Header Files</Filter>
    </ClInclude>
    <ClInclude Include="src\EventManager.h">
      <Filter>Header Files</Filter>
    </ClInclude>
    <ClInclude Include="src\resource.h">
      <Filter>Header Files</Filter>
    </ClInclude>
    <ClInclude Include="src\Utils.h">
      <Filter>Header Files</Filter>
    </ClInclude>
    <ClInclude Include="src\Customizable\TrackingVirtualizers\BaseTrackingVirtualizer.h">
      <Filter>Header Files</Filter>
    </ClInclude>
    <ClInclude Include="src\Customizable\InverseKinematicsKernels\BaseIKKernel.h">
      <Filter>Header Files</Filter>
    </ClInclude>
    <ClInclude Include="src\Customizable\InverseKinematicsKernels\PerfectIKKernel.h">
      <Filter>Header Files</Filter>
    </ClInclude>
    <ClInclude Include="src\AnimationCurve.h">
      <Filter>Header Files</Filter>
    </ClInclude>
    <ClInclude Include="src\Customizable\ErrorMetrics\BaseErrorMetric.h">
      <Filter>Header Files</Filter>
    </ClInclude>
    <ClInclude Include="src\Customizable\ErrorMetrics\PositionDifferenceErrorMetric.h">
      <Filter>Header Files</Filter>
    </ClInclude>
    <ClInclude Include="src\Customizable\ErrorMetrics\RotationDifferenceErrorMetric.h">
      <Filter>Header Files</Filter>
    </ClInclude>
    <ClInclude Include="src\AvatarSystem\Avatar.h">
      <Filter>Header Files</Filter>
    </ClInclude>
    <ClInclude Include="src\AvatarSystem\AvatarJoint.h">
      <Filter>Header Files</Filter>
    </ClInclude>
    <ClInclude Include="src\Tracker.h">
      <Filter>Header Files</Filter>
    </ClInclude>
    <ClInclude Include="src\AvatarSystem\AnatomicAngleInformation.h">
      <Filter>Header Files</Filter>
    </ClInclude>
    <ClInclude Include="src\Parameter.h">
      <Filter>Header Files</Filter>
    </ClInclude>
    <ClInclude Include="src\ComparisonScene.h">
      <Filter>Header Files</Filter>
    </ClInclude>
    <ClInclude Include="src\SetupScene.h">
      <Filter>Header Files</Filter>
    </ClInclude>
    <ClInclude Include="src\AttachedModelShader.h">
      <Filter>Header Files</Filter>
    </ClInclude>
    <ClInclude Include="src\SkinnedModelShader.h">
      <Filter>Header Files</Filter>
    </ClInclude>
    <ClInclude Include="src\Customizable\TrackingVirtualizers\IMUSimTrackingVirtualizer.h">
      <Filter>Header Files</Filter>
    </ClInclude>
    <ClInclude Include="src\PythonInclude.h">
      <Filter>Header Files</Filter>
    </ClInclude>
    <ClInclude Include="src\Customizable\TrackingVirtualizers\NoiseTrackingVirtualizer.h">
      <Filter>Header Files</Filter>
    </ClInclude>
    <ClInclude Include="src\FinalIK\SolverManager.h">
      <Filter>Header Files</Filter>
    </ClInclude>
    <ClInclude Include="src\FinalIK\IK.h">
      <Filter>Header Files</Filter>
    </ClInclude>
    <ClInclude Include="src\FinalIK\IKSolver.h">
      <Filter>Header Files</Filter>
    </ClInclude>
    <ClInclude Include="src\FinalIK\VRIK.h">
      <Filter>Header Files</Filter>
    </ClInclude>
    <ClInclude Include="src\FinalIK\IKSolverVR.h">
      <Filter>Header Files</Filter>
    </ClInclude>
    <ClInclude Include="src\FinalIK\RotationLimit.h">
      <Filter>Header Files</Filter>
    </ClInclude>
    <ClInclude Include="src\FinalIK\Hierarchy.h">
      <Filter>Header Files</Filter>
    </ClInclude>
    <ClInclude Include="src\FinalIK\QuaTools.h">
      <Filter>Header Files</Filter>
    </ClInclude>
    <ClInclude Include="src\FinalIK\V3Tools.h">
      <Filter>Header Files</Filter>
    </ClInclude>
    <ClInclude Include="src\FinalIK\AxisTools.h">
      <Filter>Header Files</Filter>
    </ClInclude>
    <ClInclude Include="src\FinalIK\Interp.h">
      <Filter>Header Files</Filter>
    </ClInclude>
    <ClInclude Include="src\FinalIK\FloatCurve.h">
      <Filter>Header Files</Filter>
    </ClInclude>
    <ClInclude Include="src\FinalIK\Keyframe.h">
      <Filter>Header Files</Filter>
    </ClInclude>
    <ClInclude Include="src\FinalIK\Physics.h">
      <Filter>Header Files</Filter>
    </ClInclude>
    <ClInclude Include="src\Transform.h">
      <Filter>Header Files</Filter>
    </ClInclude>
    <ClInclude Include="src\Qt\ChartView.h">
      <Filter>Header Files</Filter>
    </ClInclude>
    <ClInclude Include="src\QJsonSerializer.h">
      <Filter>Header Files</Filter>
    </ClInclude>
    <ClInclude Include="src\Customizable\InverseKinematicsKernels\BaseFinalIKKernel.h">
      <Filter>Header Files</Filter>
    </ClInclude>
    <ClInclude Include="src\Customizable\InverseKinematicsKernels\FiveTargetFinalIKKernel.h">
      <Filter>Header Files</Filter>
    </ClInclude>
    <ClInclude Include="src\Customizable\ErrorMetrics\PaperOneErrorMetric.h">
      <Filter>Header Files</Filter>
    </ClInclude>
    <ClInclude Include="src\Customizable\TrackingVirtualizers\JointTrackingVirtualizer.h">
      <Filter>Header Files</Filter>
    </ClInclude>
    <ClInclude Include="src\Customizable\TrackingVirtualizers\PerfectTrackingVirtualizer.h">
      <Filter>Header Files</Filter>
    </ClInclude>
    <ClInclude Include="src\Customizable\InverseKinematicsKernels\SixTargetFinalIKKernel.h">
      <Filter>Header Files</Filter>
    </ClInclude>
    <ClInclude Include="src\Customizable\InverseKinematicsKernels\AllTargetFinalIKKernel.h">
      <Filter>Header Files</Filter>
    </ClInclude>
    <ClInclude Include="src\Customizable\JointnameParser.h">
      <Filter>Header Files</Filter>
    </ClInclude>
    <ClInclude Include="src\Customizable\ErrorMetrics\WeightedRotationErrorMetric.h">
      <Filter>Header Files</Filter>
    </ClInclude>
    <ClInclude Include="src\Customizable\ErrorMetrics\WeightedPositionErrorMetric.h">
      <Filter>Header Files</Filter>
    </ClInclude>
    <ClInclude Include="src\Customizable\InverseKinematicsKernels\TenTargetFinalIKKernel.h">
      <Filter>Header Files</Filter>
    </ClInclude>
  </ItemGroup>
  <ItemGroup>
    <ResourceCompile Include="TrackingVirtualizer.rc" />
  </ItemGroup>
  <ItemGroup>
    <None Include="cpp.hint" />
  </ItemGroup>
</Project>